
Microsoft Visual Studio Solution File, Format Version 12.00
# Visual Studio 2015
Project("{FAE04EC0-301F-11D3-BF4B-00C04F79EFBC}") = "DeapSea_VR.CSharp.Plugins", "DeapSea_VR.CSharp.Plugins.csproj", "{A32BB443-49CB-1171-C933-BB8C9AF12997}"
EndProject
Project("{FAE04EC0-301F-11D3-BF4B-00C04F79EFBC}") = "DeapSea_VR.CSharp", "DeapSea_VR.CSharp.csproj", "{7738DCD4-55A0-7F9A-2BC4-BEE83AD1B965}"
EndProject
Project("{FAE04EC0-301F-11D3-BF4B-00C04F79EFBC}") = "DeapSea_VR.CSharp.Editor", "DeapSea_VR.CSharp.Editor.csproj", "{2B01E827-52B9-C590-CEBA-A042EBF6B952}"
EndProject
Global
	GlobalSection(SolutionConfigurationPlatforms) = preSolution
		Debug|Any CPU = Debug|Any CPU
		Release|Any CPU = Release|Any CPU
	EndGlobalSection
	GlobalSection(ProjectConfigurationPlatforms) = postSolution
		{A32BB443-49CB-1171-C933-BB8C9AF12997}.Debug|Any CPU.ActiveCfg = Debug|Any CPU
		{A32BB443-49CB-1171-C933-BB8C9AF12997}.Debug|Any CPU.Build.0 = Debug|Any CPU
		{A32BB443-49CB-1171-C933-BB8C9AF12997}.Release|Any CPU.ActiveCfg = Release|Any CPU
		{A32BB443-49CB-1171-C933-BB8C9AF12997}.Release|Any CPU.Build.0 = Release|Any CPU
		{7738DCD4-55A0-7F9A-2BC4-BEE83AD1B965}.Debug|Any CPU.ActiveCfg = Debug|Any CPU
		{7738DCD4-55A0-7F9A-2BC4-BEE83AD1B965}.Debug|Any CPU.Build.0 = Debug|Any CPU
		{7738DCD4-55A0-7F9A-2BC4-BEE83AD1B965}.Release|Any CPU.ActiveCfg = Release|Any CPU
		{7738DCD4-55A0-7F9A-2BC4-BEE83AD1B965}.Release|Any CPU.Build.0 = Release|Any CPU
		{2B01E827-52B9-C590-CEBA-A042EBF6B952}.Debug|Any CPU.ActiveCfg = Debug|Any CPU
		{2B01E827-52B9-C590-CEBA-A042EBF6B952}.Debug|Any CPU.Build.0 = Debug|Any CPU
		{2B01E827-52B9-C590-CEBA-A042EBF6B952}.Release|Any CPU.ActiveCfg = Release|Any CPU
		{2B01E827-52B9-C590-CEBA-A042EBF6B952}.Release|Any CPU.Build.0 = Release|Any CPU
	EndGlobalSection
	GlobalSection(SolutionProperties) = preSolution
		HideSolutionNode = FALSE
	EndGlobalSection
EndGlobal
